
Microsoft Visual Studio Solution File, Format Version 12.00
# Visual Studio Version 17
VisualStudioVersion = 17.14.36221.1 d17.14
MinimumVisualStudioVersion = 10.0.40219.1
Project("{FAE04EC0-301F-11D3-BF4B-00C04F79EFBC}") = "ConsoleApp4", "ConsoleApp4\ConsoleApp4.csproj", "{7DF01663-ABDD-4B83-85E5-6089C871939F}"
EndProject
Global
	GlobalSection(SolutionConfigurationPlatforms) = preSolution
		Debug|Any CPU = Debug|Any CPU
		Release|Any CPU = Release|Any CPU
	EndGlobalSection
	GlobalSection(ProjectConfigurationPlatforms) = postSolution
		{7DF01663-ABDD-4B83-85E5-6089C871939F}.Debug|Any CPU.ActiveCfg = Debug|Any CPU
		{7DF01663-ABDD-4B83-85E5-6089C871939F}.Debug|Any CPU.Build.0 = Debug|Any CPU
		{7DF01663-ABDD-4B83-85E5-6089C871939F}.Release|Any CPU.ActiveCfg = Release|Any CPU
		{7DF01663-ABDD-4B83-85E5-6089C871939F}.Release|Any CPU.Build.0 = Release|Any CPU
	EndGlobalSection
	GlobalSection(SolutionProperties) = preSolution
		HideSolutionNode = FALSE
	EndGlobalSection
	GlobalSection(ExtensibilityGlobals) = postSolution
		SolutionGuid = {2E290340-5458-4C92-B35B-63EABE626098}
	EndGlobalSection
EndGlobal
